
Microsoft Visual Studio Solution File, Format Version 12.00
# Visual Studio Version 17
VisualStudioVersion = 17.12.35707.178 d17.12
MinimumVisualStudioVersion = 10.0.40219.1
Project("{FAE04EC0-301F-11D3-BF4B-00C04F79EFBC}") = "OrderFlow.API", "OrderFlow.API\OrderFlow.API.csproj", "{35AC02A9-7F22-4214-9E43-8D35B829AD2B}"
EndProject
Project("{FAE04EC0-301F-11D3-BF4B-00C04F79EFBC}") = "OrderFlow.Domain", "OrderFlow.Domain\OrderFlow.Domain.csproj", "{09B98038-0B0E-4EEB-A0A7-25E91A85CA58}"
EndProject
Project("{FAE04EC0-301F-11D3-BF4B-00C04F79EFBC}") = "OrderFlow.Application", "OrderFlow.Application\OrderFlow.Application.csproj", "{B481573A-D1C5-41B4-A0A9-4895C610C80F}"
EndProject
Project("{FAE04EC0-301F-11D3-BF4B-00C04F79EFBC}") = "OrderFlow.Infrastructure", "OrderFlow.Infrastructure\OrderFlow.Infrastructure.csproj", "{C5E2EFF6-E13B-4AA5-AFDD-965E404F05C3}"
EndProject
Global
	GlobalSection(SolutionConfigurationPlatforms) = preSolution
		Debug|Any CPU = Debug|Any CPU
		Release|Any CPU = Release|Any CPU
	EndGlobalSection
	GlobalSection(ProjectConfigurationPlatforms) = postSolution
		{35AC02A9-7F22-4214-9E43-8D35B829AD2B}.Debug|Any CPU.ActiveCfg = Debug|Any CPU
		{35AC02A9-7F22-4214-9E43-8D35B829AD2B}.Debug|Any CPU.Build.0 = Debug|Any CPU
		{35AC02A9-7F22-4214-9E43-8D35B829AD2B}.Release|Any CPU.ActiveCfg = Release|Any CPU
		{35AC02A9-7F22-4214-9E43-8D35B829AD2B}.Release|Any CPU.Build.0 = Release|Any CPU
		{09B98038-0B0E-4EEB-A0A7-25E91A85CA58}.Debug|Any CPU.ActiveCfg = Debug|Any CPU
		{09B98038-0B0E-4EEB-A0A7-25E91A85CA58}.Debug|Any CPU.Build.0 = Debug|Any CPU
		{09B98038-0B0E-4EEB-A0A7-25E91A85CA58}.Release|Any CPU.ActiveCfg = Release|Any CPU
		{09B98038-0B0E-4EEB-A0A7-25E91A85CA58}.Release|Any CPU.Build.0 = Release|Any CPU
		{B481573A-D1C5-41B4-A0A9-4895C610C80F}.Debug|Any CPU.ActiveCfg = Debug|Any CPU
		{B481573A-D1C5-41B4-A0A9-4895C610C80F}.Debug|Any CPU.Build.0 = Debug|Any CPU
		{B481573A-D1C5-41B4-A0A9-4895C610C80F}.Release|Any CPU.ActiveCfg = Release|Any CPU
		{B481573A-D1C5-41B4-A0A9-4895C610C80F}.Release|Any CPU.Build.0 = Release|Any CPU
		{C5E2EFF6-E13B-4AA5-AFDD-965E404F05C3}.Debug|Any CPU.ActiveCfg = Debug|Any CPU
		{C5E2EFF6-E13B-4AA5-AFDD-965E404F05C3}.Debug|Any CPU.Build.0 = Debug|Any CPU
		{C5E2EFF6-E13B-4AA5-AFDD-965E404F05C3}.Release|Any CPU.ActiveCfg = Release|Any CPU
		{C5E2EFF6-E13B-4AA5-AFDD-965E404F05C3}.Release|Any CPU.Build.0 = Release|Any CPU
	EndGlobalSection
	GlobalSection(SolutionProperties) = preSolution
		HideSolutionNode = FALSE
	EndGlobalSection
EndGlobal
